
Microsoft Visual Studio Solution File, Format Version 9.00
# Visual Studio 2005
Project("{FAE04EC0-301F-11D3-BF4B-00C04F79EFBC}") = "AndcultureCode.ZoomClient", "AndcultureCode.ZoomClient.csproj", "{EDC6C410-89FF-4D10-8616-50A928537C92}"
EndProject
Global
	GlobalSection(SolutionConfigurationPlatforms) = preSolution
		Debug|Any CPU = Debug|Any CPU
		Release|Any CPU = Release|Any CPU
	EndGlobalSection
	GlobalSection(ProjectConfigurationPlatforms) = postSolution
		{EDC6C410-89FF-4D10-8616-50A928537C92}.Debug|Any CPU.ActiveCfg = Debug|Any CPU
		{EDC6C410-89FF-4D10-8616-50A928537C92}.Debug|Any CPU.Build.0 = Debug|Any CPU
		{EDC6C410-89FF-4D10-8616-50A928537C92}.Release|Any CPU.ActiveCfg = Release|Any CPU
		{EDC6C410-89FF-4D10-8616-50A928537C92}.Release|Any CPU.Build.0 = Release|Any CPU
	EndGlobalSection
	GlobalSection(SolutionProperties) = preSolution
		HideSolutionNode = FALSE
	EndGlobalSection
EndGlobal
